
Microsoft Visual Studio Solution File, Format Version 12.00
# Visual Studio Version 17
VisualStudioVersion = 17.14.35821.62 d17.14
MinimumVisualStudioVersion = 10.0.40219.1
Project("{FAE04EC0-301F-11D3-BF4B-00C04F79EFBC}") = "CoinRepresentation", "CoinRepresentation\CoinRepresentation.csproj", "{251D2E1F-4F69-4A7A-8FED-7116B181ADF5}"
EndProject
Global
	GlobalSection(SolutionConfigurationPlatforms) = preSolution
		Debug|Any CPU = Debug|Any CPU
		Release|Any CPU = Release|Any CPU
	EndGlobalSection
	GlobalSection(ProjectConfigurationPlatforms) = postSolution
		{251D2E1F-4F69-4A7A-8FED-7116B181ADF5}.Debug|Any CPU.ActiveCfg = Debug|Any CPU
		{251D2E1F-4F69-4A7A-8FED-7116B181ADF5}.Debug|Any CPU.Build.0 = Debug|Any CPU
		{251D2E1F-4F69-4A7A-8FED-7116B181ADF5}.Release|Any CPU.ActiveCfg = Release|Any CPU
		{251D2E1F-4F69-4A7A-8FED-7116B181ADF5}.Release|Any CPU.Build.0 = Release|Any CPU
	EndGlobalSection
	GlobalSection(SolutionProperties) = preSolution
		HideSolutionNode = FALSE
	EndGlobalSection
	GlobalSection(ExtensibilityGlobals) = postSolution
		SolutionGuid = {94F972C3-95AA-47F3-9188-F334CF832BC3}
	EndGlobalSection
EndGlobal
